// !$*UTF8*$!
{
	archiveVersion = 1;
	classes = {
	};
	objectVersion = 46;
	objects = {

/* Begin PBXBuildFile section */
		22015BF91D26112D00161EFA /* DIActionSheet.m in Sources */ = {isa = PBXBuildFile; fileRef = 22015BF81D26112D00161EFA /* DIActionSheet.m */; };
		22D8AE7C1D239F02001991CA /* main.m in Sources */ = {isa = PBXBuildFile; fileRef = 22D8AE7B1D239F02001991CA /* main.m */; };
		22D8AE7F1D239F02001991CA /* DIAppDelegate.m in Sources */ = {isa = PBXBuildFile; fileRef = 22D8AE7E1D239F02001991CA /* DIAppDelegate.m */; };
		22D8AE871D239F02001991CA /* Assets.xcassets in Resources */ = {isa = PBXBuildFile; fileRef = 22D8AE861D239F02001991CA /* Assets.xcassets */; };
		22D8AE8A1D239F02001991CA /* LaunchScreen.storyboard in Resources */ = {isa = PBXBuildFile; fileRef = 22D8AE881D239F02001991CA /* LaunchScreen.storyboard */; };
		22D8AE951D239F02001991CA /* DinoKitDemoTests.m in Sources */ = {isa = PBXBuildFile; fileRef = 22D8AE941D239F02001991CA /* DinoKitDemoTests.m */; };
		22D8AEA01D239F03001991CA /* DinoKitDemoUITests.m in Sources */ = {isa = PBXBuildFile; fileRef = 22D8AE9F1D239F03001991CA /* DinoKitDemoUITests.m */; };
		22D8AEAF1D23A53D001991CA /* DIRootViewController.m in Sources */ = {isa = PBXBuildFile; fileRef = 22D8AEAE1D23A53D001991CA /* DIRootViewController.m */; };
		22D8AEB61D23BBEC001991CA /* DIAlertViewExample.m in Sources */ = {isa = PBXBuildFile; fileRef = 22D8AEB51D23BBEC001991CA /* DIAlertViewExample.m */; };
		22D8AEB91D23C229001991CA /* DIAlertView.m in Sources */ = {isa = PBXBuildFile; fileRef = 22D8AEB81D23C229001991CA /* DIAlertView.m */; };
		22E875421D2A623D00233FC6 /* DCFAutoFitTextView.m in Sources */ = {isa = PBXBuildFile; fileRef = 22E875411D2A623D00233FC6 /* DCFAutoFitTextView.m */; };
		22E875451D2A627B00233FC6 /* btn_all_clear_image@2x.png in Resources */ = {isa = PBXBuildFile; fileRef = 22E875441D2A627B00233FC6 /* btn_all_clear_image@2x.png */; };
/* End PBXBuildFile section */

/* Begin PBXContainerItemProxy section */
		22D8AE911D239F02001991CA /* PBXContainerItemProxy */ = {
			isa = PBXContainerItemProxy;
			containerPortal = 22D8AE6F1D239F02001991CA /* Project object */;
			proxyType = 1;
			remoteGlobalIDString = 22D8AE761D239F02001991CA;
			remoteInfo = DinoKitDemo;
		};
		22D8AE9C1D239F03001991CA /* PBXContainerItemProxy */ = {
			isa = PBXContainerItemProxy;
			containerPortal = 22D8AE6F1D239F02001991CA /* Project object */;
			proxyType = 1;
			remoteGlobalIDString = 22D8AE761D239F02001991CA;
			remoteInfo = DinoKitDemo;
		};
/* End PBXContainerItemProxy section */

/* Begin PBXFileReference section */
		22015BF71D26112D00161EFA /* DIActionSheet.h */ = {isa = PBXFileReference; fileEncoding = 4; lastKnownFileType = sourcecode.c.h; path = DIActionSheet.h; sourceTree = "<group>"; };
		22015BF81D26112D00161EFA /* DIActionSheet.m */ = {isa = PBXFileReference; fileEncoding = 4; lastKnownFileType = sourcecode.c.objc; path = DIActionSheet.m; sourceTree = "<group>"; };
		22D8AE771D239F02001991CA /* DinoKitDemo.app */ = {isa = PBXFileReference; explicitFileType = wrapper.application; includeInIndex = 0; path = DinoKitDemo.app; sourceTree = BUILT_PRODUCTS_DIR; };
		22D8AE7B1D239F02001991CA /* main.m */ = {isa = PBXFileReference; lastKnownFileType = sourcecode.c.objc; path = main.m; sourceTree = "<group>"; };
		22D8AE7D1D239F02001991CA /* DIAppDelegate.h */ = {isa = PBXFileReference; lastKnownFileType = sourcecode.c.h; path = DIAppDelegate.h; sourceTree = "<group>"; };
		22D8AE7E1D239F02001991CA /* DIAppDelegate.m */ = {isa = PBXFileReference; lastKnownFileType = sourcecode.c.objc; path = DIAppDelegate.m; sourceTree = "<group>"; };
		22D8AE861D239F02001991CA /* Assets.xcassets */ = {isa = PBXFileReference; lastKnownFileType = folder.assetcatalog; path = Assets.xcassets; sourceTree = "<group>"; };
		22D8AE891D239F02001991CA /* Base */ = {isa = PBXFileReference; lastKnownFileType = file.storyboard; name = Base; path = Base.lproj/LaunchScreen.storyboard; sourceTree = "<group>"; };
		22D8AE8B1D239F02001991CA /* Info.plist */ = {isa = PBXFileReference; lastKnownFileType = text.plist.xml; path = Info.plist; sourceTree = "<group>"; };
		22D8AE901D239F02001991CA /* DinoKitDemoTests.xctest */ = {isa = PBXFileReference; explicitFileType = wrapper.cfbundle; includeInIndex = 0; path = DinoKitDemoTests.xctest; sourceTree = BUILT_PRODUCTS_DIR; };
		22D8AE941D239F02001991CA /* DinoKitDemoTests.m */ = {isa = PBXFileReference; lastKnownFileType = sourcecode.c.objc; path = DinoKitDemoTests.m; sourceTree = "<group>"; };
		22D8AE961D239F02001991CA /* Info.plist */ = {isa = PBXFileReference; lastKnownFileType = text.plist.xml; path = Info.plist; sourceTree = "<group>"; };
		22D8AE9B1D239F03001991CA /* DinoKitDemoUITests.xctest */ = {isa = PBXFileReference; explicitFileType = wrapper.cfbundle; includeInIndex = 0; path = DinoKitDemoUITests.xctest; sourceTree = BUILT_PRODUCTS_DIR; };
		22D8AE9F1D239F03001991CA /* DinoKitDemoUITests.m */ = {isa = PBXFileReference; lastKnownFileType = sourcecode.c.objc; path = DinoKitDemoUITests.m; sourceTree = "<group>"; };
		22D8AEA11D239F03001991CA /* Info.plist */ = {isa = PBXFileReference; lastKnownFileType = text.plist.xml; path = Info.plist; sourceTree = "<group>"; };
		22D8AEAD1D23A53D001991CA /* DIRootViewController.h */ = {isa = PBXFileReference; fileEncoding = 4; lastKnownFileType = sourcecode.c.h; path = DIRootViewController.h; sourceTree = "<group>"; };
		22D8AEAE1D23A53D001991CA /* DIRootViewController.m */ = {isa = PBXFileReference; fileEncoding = 4; lastKnownFileType = sourcecode.c.objc; path = DIRootViewController.m; sourceTree = "<group>"; };
		22D8AEB41D23BBEC001991CA /* DIAlertViewExample.h */ = {isa = PBXFileReference; fileEncoding = 4; lastKnownFileType = sourcecode.c.h; path = DIAlertViewExample.h; sourceTree = "<group>"; };
		22D8AEB51D23BBEC001991CA /* DIAlertViewExample.m */ = {isa = PBXFileReference; fileEncoding = 4; lastKnownFileType = sourcecode.c.objc; path = DIAlertViewExample.m; sourceTree = "<group>"; };
		22D8AEB71D23C229001991CA /* DIAlertView.h */ = {isa = PBXFileReference; fileEncoding = 4; lastKnownFileType = sourcecode.c.h; path = DIAlertView.h; sourceTree = "<group>"; };
		22D8AEB81D23C229001991CA /* DIAlertView.m */ = {isa = PBXFileReference; fileEncoding = 4; lastKnownFileType = sourcecode.c.objc; path = DIAlertView.m; sourceTree = "<group>"; };
		22E875401D2A623D00233FC6 /* DCFAutoFitTextView.h */ = {isa = PBXFileReference; fileEncoding = 4; lastKnownFileType = sourcecode.c.h; path = DCFAutoFitTextView.h; sourceTree = "<group>"; };
		22E875411D2A623D00233FC6 /* DCFAutoFitTextView.m */ = {isa = PBXFileReference; fileEncoding = 4; lastKnownFileType = sourcecode.c.objc; path = DCFAutoFitTextView.m; sourceTree = "<group>"; };
		22E875441D2A627B00233FC6 /* btn_all_clear_image@2x.png */ = {isa = PBXFileReference; lastKnownFileType = image.png; path = "btn_all_clear_image@2x.png"; sourceTree = "<group>"; };
/* End PBXFileReference section */

/* Begin PBXFrameworksBuildPhase section */
		22D8AE741D239F02001991CA /* Frameworks */ = {
			isa = PBXFrameworksBuildPhase;
			buildActionMask = 2147483647;
			files = (
			);
			runOnlyForDeploymentPostprocessing = 0;
		};
		22D8AE8D1D239F02001991CA /* Frameworks */ = {
			isa = PBXFrameworksBuildPhase;
			buildActionMask = 2147483647;
			files = (
			);
			runOnlyForDeploymentPostprocessing = 0;
		};
		22D8AE981D239F03001991CA /* Frameworks */ = {
			isa = PBXFrameworksBuildPhase;
			buildActionMask = 2147483647;
			files = (
			);
			runOnlyForDeploymentPostprocessing = 0;
		};
/* End PBXFrameworksBuildPhase section */

/* Begin PBXGroup section */
		22D8AE6E1D239F02001991CA = {
			isa = PBXGroup;
			children = (
				22D8AE791D239F02001991CA /* DinoKitDemo */,
				22D8AE931D239F02001991CA /* DinoKitDemoTests */,
				22D8AE9E1D239F03001991CA /* DinoKitDemoUITests */,
				22D8AE781D239F02001991CA /* Products */,
			);
			sourceTree = "<group>";
		};
		22D8AE781D239F02001991CA /* Products */ = {
			isa = PBXGroup;
			children = (
				22D8AE771D239F02001991CA /* DinoKitDemo.app */,
				22D8AE901D239F02001991CA /* DinoKitDemoTests.xctest */,
				22D8AE9B1D239F03001991CA /* DinoKitDemoUITests.xctest */,
			);
			name = Products;
			sourceTree = "<group>";
		};
		22D8AE791D239F02001991CA /* DinoKitDemo */ = {
			isa = PBXGroup;
			children = (
				22E875431D2A627200233FC6 /* Images */,
				22D8AE7D1D239F02001991CA /* DIAppDelegate.h */,
				22D8AE7E1D239F02001991CA /* DIAppDelegate.m */,
				22D8AEAD1D23A53D001991CA /* DIRootViewController.h */,
				22D8AEAE1D23A53D001991CA /* DIRootViewController.m */,
				22D8AEB01D23BA12001991CA /* AlertView */,
				22E8753F1D2A623500233FC6 /* TextView */,
				22D8AE7A1D239F02001991CA /* Supporting Files */,
			);
			path = DinoKitDemo;
			sourceTree = "<group>";
		};
		22D8AE7A1D239F02001991CA /* Supporting Files */ = {
			isa = PBXGroup;
			children = (
				22D8AE881D239F02001991CA /* LaunchScreen.storyboard */,
				22D8AE8B1D239F02001991CA /* Info.plist */,
				22D8AE7B1D239F02001991CA /* main.m */,
				22D8AE861D239F02001991CA /* Assets.xcassets */,
			);
			name = "Supporting Files";
			sourceTree = "<group>";
		};
		22D8AE931D239F02001991CA /* DinoKitDemoTests */ = {
			isa = PBXGroup;
			children = (
				22D8AE941D239F02001991CA /* DinoKitDemoTests.m */,
				22D8AE961D239F02001991CA /* Info.plist */,
			);
			path = DinoKitDemoTests;
			sourceTree = "<group>";
		};
		22D8AE9E1D239F03001991CA /* DinoKitDemoUITests */ = {
			isa = PBXGroup;
			children = (
				22D8AE9F1D239F03001991CA /* DinoKitDemoUITests.m */,
				22D8AEA11D239F03001991CA /* Info.plist */,
			);
			path = DinoKitDemoUITests;
			sourceTree = "<group>";
		};
		22D8AEB01D23BA12001991CA /* AlertView */ = {
			isa = PBXGroup;
			children = (
				22D8AEB41D23BBEC001991CA /* DIAlertViewExample.h */,
				22D8AEB51D23BBEC001991CA /* DIAlertViewExample.m */,
				22D8AEB71D23C229001991CA /* DIAlertView.h */,
				22D8AEB81D23C229001991CA /* DIAlertView.m */,
				22015BF71D26112D00161EFA /* DIActionSheet.h */,
				22015BF81D26112D00161EFA /* DIActionSheet.m */,
			);
			path = AlertView;
			sourceTree = "<group>";
		};
		22E8753F1D2A623500233FC6 /* TextView */ = {
			isa = PBXGroup;
			children = (
				22E875401D2A623D00233FC6 /* DCFAutoFitTextView.h */,
				22E875411D2A623D00233FC6 /* DCFAutoFitTextView.m */,
			);
			path = TextView;
			sourceTree = "<group>";
		};
		22E875431D2A627200233FC6 /* Images */ = {
			isa = PBXGroup;
			children = (
				22E875441D2A627B00233FC6 /* btn_all_clear_image@2x.png */,
			);
			path = Images;
			sourceTree = "<group>";
		};
/* End PBXGroup section */

/* Begin PBXNativeTarget section */
		22D8AE761D239F02001991CA /* DinoKitDemo */ = {
			isa = PBXNativeTarget;
			buildConfigurationList = 22D8AEA41D239F03001991CA /* Build configuration list for PBXNativeTarget "DinoKitDemo" */;
			buildPhases = (
				22D8AE731D239F02001991CA /* Sources */,
				22D8AE741D239F02001991CA /* Frameworks */,
				22D8AE751D239F02001991CA /* Resources */,
			);
			buildRules = (
			);
			dependencies = (
			);
			name = DinoKitDemo;
			productName = DinoKitDemo;
			productReference = 22D8AE771D239F02001991CA /* DinoKitDemo.app */;
			productType = "com.apple.product-type.application";
		};
		22D8AE8F1D239F02001991CA /* DinoKitDemoTests */ = {
			isa = PBXNativeTarget;
			buildConfigurationList = 22D8AEA71D239F03001991CA /* Build configuration list for PBXNativeTarget "DinoKitDemoTests" */;
			buildPhases = (
				22D8AE8C1D239F02001991CA /* Sources */,
				22D8AE8D1D239F02001991CA /* Frameworks */,
				22D8AE8E1D239F02001991CA /* Resources */,
			);
			buildRules = (
			);
			dependencies = (
				22D8AE921D239F02001991CA /* PBXTargetDependency */,
			);
			name = DinoKitDemoTests;
			productName = DinoKitDemoTests;
			productReference = 22D8AE901D239F02001991CA /* DinoKitDemoTests.xctest */;
			productType = "com.apple.product-type.bundle.unit-test";
		};
		22D8AE9A1D239F03001991CA /* DinoKitDemoUITests */ = {
			isa = PBXNativeTarget;
			buildConfigurationList = 22D8AEAA1D239F03001991CA /* Build configuration list for PBXNativeTarget "DinoKitDemoUITests" */;
			buildPhases = (
				22D8AE971D239F03001991CA /* Sources */,
				22D8AE981D239F03001991CA /* Frameworks */,
				22D8AE991D239F03001991CA /* Resources */,
			);
			buildRules = (
			);
			dependencies = (
				22D8AE9D1D239F03001991CA /* PBXTargetDependency */,
			);
			name = DinoKitDemoUITests;
			productName = DinoKitDemoUITests;
			productReference = 22D8AE9B1D239F03001991CA /* DinoKitDemoUITests.xctest */;
			productType = "com.apple.product-type.bundle.ui-testing";
		};
/* End PBXNativeTarget section */

/* Begin PBXProject section */
		22D8AE6F1D239F02001991CA /* Project object */ = {
			isa = PBXProject;
			attributes = {
				CLASSPREFIX = DI;
				LastUpgradeCheck = 0730;
				ORGANIZATIONNAME = Dino;
				TargetAttributes = {
					22D8AE761D239F02001991CA = {
						CreatedOnToolsVersion = 7.3;
						DevelopmentTeam = UD4P775TKY;
					};
					22D8AE8F1D239F02001991CA = {
						CreatedOnToolsVersion = 7.3;
						TestTargetID = 22D8AE761D239F02001991CA;
					};
					22D8AE9A1D239F03001991CA = {
						CreatedOnToolsVersion = 7.3;
						TestTargetID = 22D8AE761D239F02001991CA;
					};
				};
			};
			buildConfigurationList = 22D8AE721D239F02001991CA /* Build configuration list for PBXProject "DinoKitDemo" */;
			compatibilityVersion = "Xcode 3.2";
			developmentRegion = English;
			hasScannedForEncodings = 0;
			knownRegions = (
				en,
				Base,
			);
			mainGroup = 22D8AE6E1D239F02001991CA;
			productRefGroup = 22D8AE781D239F02001991CA /* Products */;
			projectDirPath = "";
			projectRoot = "";
			targets = (
				22D8AE761D239F02001991CA /* DinoKitDemo */,
				22D8AE8F1D239F02001991CA /* DinoKitDemoTests */,
				22D8AE9A1D239F03001991CA /* DinoKitDemoUITests */,
			);
		};
/* End PBXProject section */

/* Begin PBXResourcesBuildPhase section */
		22D8AE751D239F02001991CA /* Resources */ = {
			isa = PBXResourcesBuildPhase;
			buildActionMask = 2147483647;
			files = (
				22D8AE8A1D239F02001991CA /* LaunchScreen.storyboard in Resources */,
				22E875451D2A627B00233FC6 /* btn_all_clear_image@2x.png in Resources */,
				22D8AE871D239F02001991CA /* Assets.xcassets in Resources */,
			);
			runOnlyForDeploymentPostprocessing = 0;
		};
		22D8AE8E1D239F02001991CA /* Resources */ = {
			isa = PBXResourcesBuildPhase;
			buildActionMask = 2147483647;
			files = (
			);
			runOnlyForDeploymentPostprocessing = 0;
		};
		22D8AE991D239F03001991CA /* Resources */ = {
			isa = PBXResourcesBuildPhase;
			buildActionMask = 2147483647;
			files = (
			);
			runOnlyForDeploymentPostprocessing = 0;
		};
/* End PBXResourcesBuildPhase section */

/* Begin PBXSourcesBuildPhase section */
		22D8AE731D239F02001991CA /* Sources */ = {
			isa = PBXSourcesBuildPhase;
			buildActionMask = 2147483647;
			files = (
				22D8AEB91D23C229001991CA /* DIAlertView.m in Sources */,
				22E875421D2A623D00233FC6 /* DCFAutoFitTextView.m in Sources */,
				22D8AE7F1D239F02001991CA /* DIAppDelegate.m in Sources */,
				22D8AEAF1D23A53D001991CA /* DIRootViewController.m in Sources */,
				22D8AE7C1D239F02001991CA /* main.m in Sources */,
				22015BF91D26112D00161EFA /* DIActionSheet.m in Sources */,
				22D8AEB61D23BBEC001991CA /* DIAlertViewExample.m in Sources */,
			);
			runOnlyForDeploymentPostprocessing = 0;
		};
		22D8AE8C1D239F02001991CA /* Sources */ = {
			isa = PBXSourcesBuildPhase;
			buildActionMask = 2147483647;
			files = (
				22D8AE951D239F02001991CA /* DinoKitDemoTests.m in Sources */,
			);
			runOnlyForDeploymentPostprocessing = 0;
		};
		22D8AE971D239F03001991CA /* Sources */ = {
			isa = PBXSourcesBuildPhase;
			buildActionMask = 2147483647;
			files = (
				22D8AEA01D239F03001991CA /* DinoKitDemoUITests.m in Sources */,
			);
			runOnlyForDeploymentPostprocessing = 0;
		};
/* End PBXSourcesBuildPhase section */

/* Begin PBXTargetDependency section */
		22D8AE921D239F02001991CA /* PBXTargetDependency */ = {
			isa = PBXTargetDependency;
			target = 22D8AE761D239F02001991CA /* DinoKitDemo */;
			targetProxy = 22D8AE911D239F02001991CA /* PBXContainerItemProxy */;
		};
		22D8AE9D1D239F03001991CA /* PBXTargetDependency */ = {
			isa = PBXTargetDependency;
			target = 22D8AE761D239F02001991CA /* DinoKitDemo */;
			targetProxy = 22D8AE9C1D239F03001991CA /* PBXContainerItemProxy */;
		};
/* End PBXTargetDependency section */

/* Begin PBXVariantGroup section */
		22D8AE881D239F02001991CA /* LaunchScreen.storyboard */ = {
			isa = PBXVariantGroup;
			children = (
				22D8AE891D239F02001991CA /* Base */,
			);
			name = LaunchScreen.storyboard;
			sourceTree = "<group>";
		};
/* End PBXVariantGroup section */

/* Begin XCBuildConfiguration section */
		22D8AEA21D239F03001991CA /* Debug */ = {
			isa = XCBuildConfiguration;
			buildSettings = {
				ALWAYS_SEARCH_USER_PATHS = NO;
				CLANG_ANALYZER_NONNULL = YES;
				CLANG_CXX_LANGUAGE_STANDARD = "gnu++0x";
				CLANG_CXX_LIBRARY = "libc++";
				CLANG_ENABLE_MODULES = YES;
				CLANG_ENABLE_OBJC_ARC = YES;
				CLANG_WARN_BOOL_CONVERSION = YES;
				CLANG_WARN_CONSTANT_CONVERSION = YES;
				CLANG_WARN_DIRECT_OBJC_ISA_USAGE = YES_ERROR;
				CLANG_WARN_EMPTY_BODY = YES;
				CLANG_WARN_ENUM_CONVERSION = YES;
				CLANG_WARN_INT_CONVERSION = YES;
				CLANG_WARN_OBJC_ROOT_CLASS = YES_ERROR;
				CLANG_WARN_UNREACHABLE_CODE = YES;
				CLANG_WARN__DUPLICATE_METHOD_MATCH = YES;
				"CODE_SIGN_IDENTITY[sdk=iphoneos*]" = "iPhone Developer";
				COPY_PHASE_STRIP = NO;
				DEBUG_INFORMATION_FORMAT = dwarf;
				ENABLE_STRICT_OBJC_MSGSEND = YES;
				ENABLE_TESTABILITY = YES;
				GCC_C_LANGUAGE_STANDARD = gnu99;
				GCC_DYNAMIC_NO_PIC = NO;
				GCC_NO_COMMON_BLOCKS = YES;
				GCC_OPTIMIZATION_LEVEL = 0;
				GCC_PREPROCESSOR_DEFINITIONS = (
					"DEBUG=1",
					"$(inherited)",
				);
				GCC_WARN_64_TO_32_BIT_CONVERSION = YES;
				GCC_WARN_ABOUT_RETURN_TYPE = YES_ERROR;
				GCC_WARN_UNDECLARED_SELECTOR = YES;
				GCC_WARN_UNINITIALIZED_AUTOS = YES_AGGRESSIVE;
				GCC_WARN_UNUSED_FUNCTION = YES;
				GCC_WARN_UNUSED_VARIABLE = YES;
				IPHONEOS_DEPLOYMENT_TARGET = 9.3;
				MTL_ENABLE_DEBUG_INFO = YES;
				ONLY_ACTIVE_ARCH = YES;
				SDKROOT = iphoneos;
			};
			name = Debug;
		};
		22D8AEA31D239F03001991CA /* Release */ = {
			isa = XCBuildConfiguration;
			buildSettings = {
				ALWAYS_SEARCH_USER_PATHS = NO;
				CLANG_ANALYZER_NONNULL = YES;
				CLANG_CXX_LANGUAGE_STANDARD = "gnu++0x";
				CLANG_CXX_LIBRARY = "libc++";
				CLANG_ENABLE_MODULES = YES;
				CLANG_ENABLE_OBJC_ARC = YES;
				CLANG_WARN_BOOL_CONVERSION = YES;
				CLANG_WARN_CONSTANT_CONVERSION = YES;
				CLANG_WARN_DIRECT_OBJC_ISA_USAGE = YES_ERROR;
				CLANG_WARN_EMPTY_BODY = YES;
				CLANG_WARN_ENUM_CONVERSION = YES;
				CLANG_WARN_INT_CONVERSION = YES;
				CLANG_WARN_OBJC_ROOT_CLASS = YES_ERROR;
				CLANG_WARN_UNREACHABLE_CODE = YES;
				CLANG_WARN__DUPLICATE_METHOD_MATCH = YES;
				"CODE_SIGN_IDENTITY[sdk=iphoneos*]" = "iPhone Developer";
				COPY_PHASE_STRIP = NO;
				DEBUG_INFORMATION_FORMAT = "dwarf-with-dsym";
				ENABLE_NS_ASSERTIONS = NO;
				ENABLE_STRICT_OBJC_MSGSEND = YES;
				GCC_C_LANGUAGE_STANDARD = gnu99;
				GCC_NO_COMMON_BLOCKS = YES;
				GCC_WARN_64_TO_32_BIT_CONVERSION = YES;
				GCC_WARN_ABOUT_RETURN_TYPE = YES_ERROR;
				GCC_WARN_UNDECLARED_SELECTOR = YES;
				GCC_WARN_UNINITIALIZED_AUTOS = YES_AGGRESSIVE;
				GCC_WARN_UNUSED_FUNCTION = YES;
				GCC_WARN_UNUSED_VARIABLE = YES;
				IPHONEOS_DEPLOYMENT_TARGET = 9.3;
				MTL_ENABLE_DEBUG_INFO = NO;
				SDKROOT = iphoneos;
				VALIDATE_PRODUCT = YES;
			};
			name = Release;
		};
		22D8AEA51D239F03001991CA /* Debug */ = {
			isa = XCBuildConfiguration;
			buildSettings = {
				ASSETCATALOG_COMPILER_APPICON_NAME = AppIcon;
				CODE_SIGN_IDENTITY = "iPhone Developer";
				"CODE_SIGN_IDENTITY[sdk=iphoneos*]" = "iPhone Developer";
				INFOPLIST_FILE = DinoKitDemo/Info.plist;
				LD_RUNPATH_SEARCH_PATHS = "$(inherited) @executable_path/Frameworks";
				PRODUCT_BUNDLE_IDENTIFIER = DinoDemo.DinoKitDemo;
				PRODUCT_NAME = "$(TARGET_NAME)";
				PROVISIONING_PROFILE = "";
			};
			name = Debug;
		};
		22D8AEA61D239F03001991CA /* Release */ = {
			isa = XCBuildConfiguration;
			buildSettings = {
				ASSETCATALOG_COMPILER_APPICON_NAME = AppIcon;
				CODE_SIGN_IDENTITY = "iPhone Developer";
				"CODE_SIGN_IDENTITY[sdk=iphoneos*]" = "iPhone Developer";
				INFOPLIST_FILE = DinoKitDemo/Info.plist;
				LD_RUNPATH_SEARCH_PATHS = "$(inherited) @executable_path/Frameworks";
				PRODUCT_BUNDLE_IDENTIFIER = DinoDemo.DinoKitDemo;
				PRODUCT_NAME = "$(TARGET_NAME)";
				PROVISIONING_PROFILE = "";
			};
			name = Release;
		};
		22D8AEA81D239F03001991CA /* Debug */ = {
			isa = XCBuildConfiguration;
			buildSettings = {
				BUNDLE_LOADER = "$(TEST_HOST)";
				INFOPLIST_FILE = DinoKitDemoTests/Info.plist;
				LD_RUNPATH_SEARCH_PATHS = "$(inherited) @executable_path/Frameworks @loader_path/Frameworks";
				PRODUCT_BUNDLE_IDENTIFIER = DinoDemo.DinoKitDemoTests;
				PRODUCT_NAME = "$(TARGET_NAME)";
				TEST_HOST = "$(BUILT_PRODUCTS_DIR)/DinoKitDemo.app/DinoKitDemo";
			};
			name = Debug;
		};
		22D8AEA91D239F03001991CA /* Release */ = {
			isa = XCBuildConfiguration;
			buildSettings = {
				BUNDLE_LOADER = "$(TEST_HOST)";
				INFOPLIST_FILE = DinoKitDemoTests/Info.plist;
				LD_RUNPATH_SEARCH_PATHS = "$(inherited) @executable_path/Frameworks @loader_path/Frameworks";
				PRODUCT_BUNDLE_IDENTIFIER = DinoDemo.DinoKitDemoTests;
				PRODUCT_NAME = "$(TARGET_NAME)";
				TEST_HOST = "$(BUILT_PRODUCTS_DIR)/DinoKitDemo.app/DinoKitDemo";
			};
			name = Release;
		};
		22D8AEAB1D239F03001991CA /* Debug */ = {
			isa = XCBuildConfiguration;
			buildSettings = {
				INFOPLIST_FILE = DinoKitDemoUITests/Info.plist;
				LD_RUNPATH_SEARCH_PATHS = "$(inherited) @executable_path/Frameworks @loader_path/Frameworks";
				PRODUCT_BUNDLE_IDENTIFIER = DinoDemo.DinoKitDemoUITests;
				PRODUCT_NAME = "$(TARGET_NAME)";
				TEST_TARGET_NAME = DinoKitDemo;
			};
			name = Debug;
		};
		22D8AEAC1D239F03001991CA /* Release */ = {
			isa = XCBuildConfiguration;
			buildSettings = {
				INFOPLIST_FILE = DinoKitDemoUITests/Info.plist;
				LD_RUNPATH_SEARCH_PATHS = "$(inherited) @executable_path/Frameworks @loader_path/Frameworks";
				PRODUCT_BUNDLE_IDENTIFIER = DinoDemo.DinoKitDemoUITests;
				PRODUCT_NAME = "$(TARGET_NAME)";
				TEST_TARGET_NAME = DinoKitDemo;
			};
			name = Release;
		};
/* End XCBuildConfiguration section */

/* Begin XCConfigurationList section */
		22D8AE721D239F02001991CA /* Build configuration list for PBXProject "DinoKitDemo" */ = {
			isa = XCConfigurationList;
			buildConfigurations = (
				22D8AEA21D239F03001991CA /* Debug */,
				22D8AEA31D239F03001991CA /* Release */,
			);
			defaultConfigurationIsVisible = 0;
			defaultConfigurationName = Release;
		};
		22D8AEA41D239F03001991CA /* Build configuration list for PBXNativeTarget "DinoKitDemo" */ = {
			isa = XCConfigurationList;
			buildConfigurations = (
				22D8AEA51D239F03001991CA /* Debug */,
				22D8AEA61D239F03001991CA /* Release */,
			);
			defaultConfigurationIsVisible = 0;
			defaultConfigurationName = Release;
		};
		22D8AEA71D239F03001991CA /* Build configuration list for PBXNativeTarget "DinoKitDemoTests" */ = {
			isa = XCConfigurationList;
			buildConfigurations = (
				22D8AEA81D239F03001991CA /* Debug */,
				22D8AEA91D239F03001991CA /* Release */,
			);
			defaultConfigurationIsVisible = 0;
			defaultConfigurationName = Release;
		};
		22D8AEAA1D239F03001991CA /* Build configuration list for PBXNativeTarget "DinoKitDemoUITests" */ = {
			isa = XCConfigurationList;
			buildConfigurations = (
				22D8AEAB1D239F03001991CA /* Debug */,
				22D8AEAC1D239F03001991CA /* Release */,
			);
			defaultConfigurationIsVisible = 0;
			defaultConfigurationName = Release;
		};
/* End XCConfigurationList section */
	};
	rootObject = 22D8AE6F1D239F02001991CA /* Project object */;
}
